
Microsoft Visual Studio Solution File, Format Version 12.00
# Visual Studio Version 17
VisualStudioVersion = 17.14.36511.14 d17.14
MinimumVisualStudioVersion = 10.0.40219.1
Project("{FAE04EC0-301F-11D3-BF4B-00C04F79EFBC}") = "RPS Game", "RPS Game\RPS Game.csproj", "{D594D3EE-3FAF-4962-BFD6-FA99AEE27CBB}"
EndProject
Global
	GlobalSection(SolutionConfigurationPlatforms) = preSolution
		Debug|Any CPU = Debug|Any CPU
		Release|Any CPU = Release|Any CPU
	EndGlobalSection
	GlobalSection(ProjectConfigurationPlatforms) = postSolution
		{D594D3EE-3FAF-4962-BFD6-FA99AEE27CBB}.Debug|Any CPU.ActiveCfg = Debug|Any CPU
		{D594D3EE-3FAF-4962-BFD6-FA99AEE27CBB}.Debug|Any CPU.Build.0 = Debug|Any CPU
		{D594D3EE-3FAF-4962-BFD6-FA99AEE27CBB}.Release|Any CPU.ActiveCfg = Release|Any CPU
		{D594D3EE-3FAF-4962-BFD6-FA99AEE27CBB}.Release|Any CPU.Build.0 = Release|Any CPU
	EndGlobalSection
	GlobalSection(SolutionProperties) = preSolution
		HideSolutionNode = FALSE
	EndGlobalSection
	GlobalSection(ExtensibilityGlobals) = postSolution
		SolutionGuid = {1B7230A5-76CE-4C3F-A30C-CF29C6530939}
	EndGlobalSection
EndGlobal
